<?xml version='1.0' encoding='utf-8'?>
<Project ToolsVersion="4.0" xmlns="http://schemas.microsoft.com/developer/msbuild/2003">
  <ItemGroup>
    <Filter Include="Source">
      <UniqueIdentifier>{244385EC-682A-5889-8FD4-8E87CCFC9565}</UniqueIdentifier>
    </Filter>
    <Filter Include="Source\SferaCoreLoader">
      <UniqueIdentifier>{7F170C8A-1929-56AD-9A95-C9D56C64097F}</UniqueIdentifier>
    </Filter>
    <Filter Include="Source\SferaCoreLoader\Private">
      <UniqueIdentifier>{ED85433C-0A94-5699-B021-C54119D2C03A}</UniqueIdentifier>
    </Filter>
    <Filter Include="Source\SferaCoreLoader\Private\Compression">
      <UniqueIdentifier>{C50B44D3-8403-59B0-A33D-4261711570A1}</UniqueIdentifier>
    </Filter>
    <Filter Include="Source\SferaCoreLoader\Private\Config">
      <UniqueIdentifier>{342E08FF-983E-58BC-AB8F-A4E8A8593ACE}</UniqueIdentifier>
    </Filter>
    <Filter Include="Source\SferaCoreLoader\Private\Core">
      <UniqueIdentifier>{989D97EA-51FA-547B-8EF3-BBAEC6DDC9E4}</UniqueIdentifier>
    </Filter>
    <Filter Include="Source\SferaCoreLoader\Private\FileSystem">
      <UniqueIdentifier>{910E557D-9B21-5F11-84BC-32A3FBF0279A}</UniqueIdentifier>
    </Filter>
    <Filter Include="Source\SferaCoreLoader\Private\GameObjects">
      <UniqueIdentifier>{13DB1D7E-195B-52EF-82F9-35D5CCA41A88}</UniqueIdentifier>
    </Filter>
    <Filter Include="Source\SferaCoreLoader\Private\MBC">
      <UniqueIdentifier>{8E15F30C-E0F4-5D3E-92F8-4F1212FBE58C}</UniqueIdentifier>
    </Filter>
    <Filter Include="Source\SferaCoreLoader\Private\Network">
      <UniqueIdentifier>{854355DC-47B1-5113-A689-8D63E8480CAF}</UniqueIdentifier>
    </Filter>
    <Filter Include="Source\SferaCoreLoader\Private\ResourceLoader">
      <UniqueIdentifier>{53800DA8-E28F-5B9E-B143-EE16996B5076}</UniqueIdentifier>
    </Filter>
    <Filter Include="Source\SferaCoreLoader\Private\WorldScene">
      <UniqueIdentifier>{486ED455-8E0F-5821-807A-DD495F96260A}</UniqueIdentifier>
    </Filter>
    <Filter Include="Source\SferaCoreLoader\Public">
      <UniqueIdentifier>{C73D4A15-8E7C-56F7-AAB8-7A4AD53B2344}</UniqueIdentifier>
    </Filter>
    <Filter Include="Source\SferaCoreLoader\Public\Compression">
      <UniqueIdentifier>{1F6337D7-FC19-5F20-8532-BE9CE40316FC}</UniqueIdentifier>
    </Filter>
    <Filter Include="Source\SferaCoreLoader\Public\Config">
      <UniqueIdentifier>{CC8313EB-B016-5346-BC1B-CA600614E217}</UniqueIdentifier>
    </Filter>
    <Filter Include="Source\SferaCoreLoader\Public\Core">
      <UniqueIdentifier>{1E99B638-03FE-595C-A028-C1FD63D2C9E3}</UniqueIdentifier>
    </Filter>
    <Filter Include="Source\SferaCoreLoader\Public\FileSystem">
      <UniqueIdentifier>{EC9462B7-ED99-5A4F-93D7-62C48762FF91}</UniqueIdentifier>
    </Filter>
    <Filter Include="Source\SferaCoreLoader\Public\GameObjects">
      <UniqueIdentifier>{F7F6729B-3566-5823-9C00-FD69D16552E4}</UniqueIdentifier>
    </Filter>
    <Filter Include="Source\SferaCoreLoader\Public\MBC">
      <UniqueIdentifier>{69943140-2BAF-5E0C-81E0-EA2B483D27F0}</UniqueIdentifier>
    </Filter>
    <Filter Include="Source\SferaCoreLoader\Public\Network">
      <UniqueIdentifier>{DBBF44BE-6661-5BE5-A841-72A0FC4FCC6F}</UniqueIdentifier>
    </Filter>
    <Filter Include="Source\SferaCoreLoader\Public\ResourceLoader">
      <UniqueIdentifier>{0E637AE3-4361-577C-9CB9-B3652AED71DD}</UniqueIdentifier>
    </Filter>
    <Filter Include="Source\SferaCoreLoader\Public\WorldScene">
      <UniqueIdentifier>{A30272A9-7369-574B-B3D2-B5E3C36394A7}</UniqueIdentifier>
    </Filter>
  </ItemGroup>
  <ItemGroup>
    <ClInclude Include="Source\SferaCoreLoader\Public\Compression\CompressionService.h">
      <Filter>Source\SferaCoreLoader\Public\Compression</Filter>
    </ClInclude>
    <ClInclude Include="Source\SferaCoreLoader\Public\Compression\LzssCodec.h">
      <Filter>Source\SferaCoreLoader\Public\Compression</Filter>
    </ClInclude>
    <ClInclude Include="Source\SferaCoreLoader\Public\Compression\SphrCodec.h">
      <Filter>Source\SferaCoreLoader\Public\Compression</Filter>
    </ClInclude>
    <ClInclude Include="Source\SferaCoreLoader\Public\Compression\ZlibInflate.h">
      <Filter>Source\SferaCoreLoader\Public\Compression</Filter>
    </ClInclude>
    <ClInclude Include="Source\SferaCoreLoader\Public\Config\ConfigDocument.h">
      <Filter>Source\SferaCoreLoader\Public\Config</Filter>
    </ClInclude>
    <ClInclude Include="Source\SferaCoreLoader\Public\Config\ConfigService.h">
      <Filter>Source\SferaCoreLoader\Public\Config</Filter>
    </ClInclude>
    <ClInclude Include="Source\SferaCoreLoader\Public\Core\Application.h">
      <Filter>Source\SferaCoreLoader\Public\Core</Filter>
    </ClInclude>
    <ClInclude Include="Source\SferaCoreLoader\Public\Core\Logger.h">
      <Filter>Source\SferaCoreLoader\Public\Core</Filter>
    </ClInclude>
    <ClInclude Include="Source\SferaCoreLoader\Public\Core\NumericParse.h">
      <Filter>Source\SferaCoreLoader\Public\Core</Filter>
    </ClInclude>
    <ClInclude Include="Source\SferaCoreLoader\Public\Core\Types.h">
      <Filter>Source\SferaCoreLoader\Public\Core</Filter>
    </ClInclude>
    <ClInclude Include="Source\SferaCoreLoader\Public\FileSystem\FileSystem.h">
      <Filter>Source\SferaCoreLoader\Public\FileSystem</Filter>
    </ClInclude>
    <ClInclude Include="Source\SferaCoreLoader\Public\FileSystem\NativeFile.h">
      <Filter>Source\SferaCoreLoader\Public\FileSystem</Filter>
    </ClInclude>
    <ClInclude Include="Source\SferaCoreLoader\Public\FileSystem\PathUtils.h">
      <Filter>Source\SferaCoreLoader\Public\FileSystem</Filter>
    </ClInclude>
    <ClInclude Include="Source\SferaCoreLoader\Public\GameObjects\GameObjectRegistry.h">
      <Filter>Source\SferaCoreLoader\Public\GameObjects</Filter>
    </ClInclude>
    <ClInclude Include="Source\SferaCoreLoader\Public\GameObjects\GameObjectService.h">
      <Filter>Source\SferaCoreLoader\Public\GameObjects</Filter>
    </ClInclude>
    <ClInclude Include="Source\SferaCoreLoader\Public\GameObjects\GameObjectTypes.h">
      <Filter>Source\SferaCoreLoader\Public\GameObjects</Filter>
    </ClInclude>
    <ClInclude Include="Source\SferaCoreLoader\Public\GameObjects\ObjectParamManager.h">
      <Filter>Source\SferaCoreLoader\Public\GameObjects</Filter>
    </ClInclude>
    <ClInclude Include="Source\SferaCoreLoader\Public\MBC\MbcDisassembler.h">
      <Filter>Source\SferaCoreLoader\Public\MBC</Filter>
    </ClInclude>
    <ClInclude Include="Source\SferaCoreLoader\Public\MBC\MbcEngineBridge.h">
      <Filter>Source\SferaCoreLoader\Public\MBC</Filter>
    </ClInclude>
    <ClInclude Include="Source\SferaCoreLoader\Public\MBC\MbcLinker.h">
      <Filter>Source\SferaCoreLoader\Public\MBC</Filter>
    </ClInclude>
    <ClInclude Include="Source\SferaCoreLoader\Public\MBC\MbcModule.h">
      <Filter>Source\SferaCoreLoader\Public\MBC</Filter>
    </ClInclude>
    <ClInclude Include="Source\SferaCoreLoader\Public\MBC\MbcNativeRegistry.h">
      <Filter>Source\SferaCoreLoader\Public\MBC</Filter>
    </ClInclude>
    <ClInclude Include="Source\SferaCoreLoader\Public\MBC\MbcOpcode.h">
      <Filter>Source\SferaCoreLoader\Public\MBC</Filter>
    </ClInclude>
    <ClInclude Include="Source\SferaCoreLoader\Public\MBC\MbcProject.h">
      <Filter>Source\SferaCoreLoader\Public\MBC</Filter>
    </ClInclude>
    <ClInclude Include="Source\SferaCoreLoader\Public\MBC\MbcTypes.h">
      <Filter>Source\SferaCoreLoader\Public\MBC</Filter>
    </ClInclude>
    <ClInclude Include="Source\SferaCoreLoader\Public\MBC\MbcVirtualMachine.h">
      <Filter>Source\SferaCoreLoader\Public\MBC</Filter>
    </ClInclude>
    <ClInclude Include="Source\SferaCoreLoader\Public\Network\ConnectManager.h">
      <Filter>Source\SferaCoreLoader\Public\Network</Filter>
    </ClInclude>
    <ClInclude Include="Source\SferaCoreLoader\Public\Network\NetworkTypes.h">
      <Filter>Source\SferaCoreLoader\Public\Network</Filter>
    </ClInclude>
    <ClInclude Include="Source\SferaCoreLoader\Public\Network\PacketBuffer.h">
      <Filter>Source\SferaCoreLoader\Public\Network</Filter>
    </ClInclude>
    <ClInclude Include="Source\SferaCoreLoader\Public\Network\TcpSocket.h">
      <Filter>Source\SferaCoreLoader\Public\Network</Filter>
    </ClInclude>
    <ClInclude Include="Source\SferaCoreLoader\Public\ResourceLoader\AssetCatalog.h">
      <Filter>Source\SferaCoreLoader\Public\ResourceLoader</Filter>
    </ClInclude>
    <ClInclude Include="Source\SferaCoreLoader\Public\ResourceLoader\ResourceManager.h">
      <Filter>Source\SferaCoreLoader\Public\ResourceLoader</Filter>
    </ClInclude>
    <ClInclude Include="Source\SferaCoreLoader\Public\ResourceLoader\ResourceTypes.h">
      <Filter>Source\SferaCoreLoader\Public\ResourceLoader</Filter>
    </ClInclude>
    <ClInclude Include="Source\SferaCoreLoader\Public\WorldScene\SpatialIndex.h">
      <Filter>Source\SferaCoreLoader\Public\WorldScene</Filter>
    </ClInclude>
    <ClInclude Include="Source\SferaCoreLoader\Public\WorldScene\WorldScene.h">
      <Filter>Source\SferaCoreLoader\Public\WorldScene</Filter>
    </ClInclude>
    <ClInclude Include="Source\SferaCoreLoader\Public\WorldScene\WorldTypes.h">
      <Filter>Source\SferaCoreLoader\Public\WorldScene</Filter>
    </ClInclude>
    <ClInclude Include="Source\SferaCoreLoader\Public\WorldScene\ZoningManager.h">
      <Filter>Source\SferaCoreLoader\Public\WorldScene</Filter>
    </ClInclude>
  </ItemGroup>
  <ItemGroup>
    <ClCompile Include="Source\SferaCoreLoader\Private\Compression\CompressionService.cpp">
      <Filter>Source\SferaCoreLoader\Private\Compression</Filter>
    </ClCompile>
    <ClCompile Include="Source\SferaCoreLoader\Private\Compression\LzssCodec.cpp">
      <Filter>Source\SferaCoreLoader\Private\Compression</Filter>
    </ClCompile>
    <ClCompile Include="Source\SferaCoreLoader\Private\Compression\SphrCodec.cpp">
      <Filter>Source\SferaCoreLoader\Private\Compression</Filter>
    </ClCompile>
    <ClCompile Include="Source\SferaCoreLoader\Private\Compression\ZlibInflate.cpp">
      <Filter>Source\SferaCoreLoader\Private\Compression</Filter>
    </ClCompile>
    <ClCompile Include="Source\SferaCoreLoader\Private\Config\ConfigDocument.cpp">
      <Filter>Source\SferaCoreLoader\Private\Config</Filter>
    </ClCompile>
    <ClCompile Include="Source\SferaCoreLoader\Private\Config\ConfigService.cpp">
      <Filter>Source\SferaCoreLoader\Private\Config</Filter>
    </ClCompile>
    <ClCompile Include="Source\SferaCoreLoader\Private\Core\Application.cpp">
      <Filter>Source\SferaCoreLoader\Private\Core</Filter>
    </ClCompile>
    <ClCompile Include="Source\SferaCoreLoader\Private\Core\Logger.cpp">
      <Filter>Source\SferaCoreLoader\Private\Core</Filter>
    </ClCompile>
    <ClCompile Include="Source\SferaCoreLoader\Private\Core\Main.cpp">
      <Filter>Source\SferaCoreLoader\Private\Core</Filter>
    </ClCompile>
    <ClCompile Include="Source\SferaCoreLoader\Private\FileSystem\FileSystem.cpp">
      <Filter>Source\SferaCoreLoader\Private\FileSystem</Filter>
    </ClCompile>
    <ClCompile Include="Source\SferaCoreLoader\Private\FileSystem\NativeFile.cpp">
      <Filter>Source\SferaCoreLoader\Private\FileSystem</Filter>
    </ClCompile>
    <ClCompile Include="Source\SferaCoreLoader\Private\FileSystem\PathUtils.cpp">
      <Filter>Source\SferaCoreLoader\Private\FileSystem</Filter>
    </ClCompile>
    <ClCompile Include="Source\SferaCoreLoader\Private\GameObjects\GameObjectRegistry.cpp">
      <Filter>Source\SferaCoreLoader\Private\GameObjects</Filter>
    </ClCompile>
    <ClCompile Include="Source\SferaCoreLoader\Private\GameObjects\GameObjectService.cpp">
      <Filter>Source\SferaCoreLoader\Private\GameObjects</Filter>
    </ClCompile>
    <ClCompile Include="Source\SferaCoreLoader\Private\GameObjects\GameObjectTypes.cpp">
      <Filter>Source\SferaCoreLoader\Private\GameObjects</Filter>
    </ClCompile>
    <ClCompile Include="Source\SferaCoreLoader\Private\GameObjects\ObjectParamManager.cpp">
      <Filter>Source\SferaCoreLoader\Private\GameObjects</Filter>
    </ClCompile>
    <ClCompile Include="Source\SferaCoreLoader\Private\MBC\MbcDisassembler.cpp">
      <Filter>Source\SferaCoreLoader\Private\MBC</Filter>
    </ClCompile>
    <ClCompile Include="Source\SferaCoreLoader\Private\MBC\MbcEngineBridge.cpp">
      <Filter>Source\SferaCoreLoader\Private\MBC</Filter>
    </ClCompile>
    <ClCompile Include="Source\SferaCoreLoader\Private\MBC\MbcLinker.cpp">
      <Filter>Source\SferaCoreLoader\Private\MBC</Filter>
    </ClCompile>
    <ClCompile Include="Source\SferaCoreLoader\Private\MBC\MbcModule.cpp">
      <Filter>Source\SferaCoreLoader\Private\MBC</Filter>
    </ClCompile>
    <ClCompile Include="Source\SferaCoreLoader\Private\MBC\MbcNativeRegistry.cpp">
      <Filter>Source\SferaCoreLoader\Private\MBC</Filter>
    </ClCompile>
    <ClCompile Include="Source\SferaCoreLoader\Private\MBC\MbcOpcode.cpp">
      <Filter>Source\SferaCoreLoader\Private\MBC</Filter>
    </ClCompile>
    <ClCompile Include="Source\SferaCoreLoader\Private\MBC\MbcProject.cpp">
      <Filter>Source\SferaCoreLoader\Private\MBC</Filter>
    </ClCompile>
    <ClCompile Include="Source\SferaCoreLoader\Private\MBC\MbcTypes.cpp">
      <Filter>Source\SferaCoreLoader\Private\MBC</Filter>
    </ClCompile>
    <ClCompile Include="Source\SferaCoreLoader\Private\MBC\MbcVirtualMachine.cpp">
      <Filter>Source\SferaCoreLoader\Private\MBC</Filter>
    </ClCompile>
    <ClCompile Include="Source\SferaCoreLoader\Private\Network\ConnectManager.cpp">
      <Filter>Source\SferaCoreLoader\Private\Network</Filter>
    </ClCompile>
    <ClCompile Include="Source\SferaCoreLoader\Private\Network\PacketBuffer.cpp">
      <Filter>Source\SferaCoreLoader\Private\Network</Filter>
    </ClCompile>
    <ClCompile Include="Source\SferaCoreLoader\Private\Network\TcpSocket.cpp">
      <Filter>Source\SferaCoreLoader\Private\Network</Filter>
    </ClCompile>
    <ClCompile Include="Source\SferaCoreLoader\Private\ResourceLoader\AssetCatalog.cpp">
      <Filter>Source\SferaCoreLoader\Private\ResourceLoader</Filter>
    </ClCompile>
    <ClCompile Include="Source\SferaCoreLoader\Private\ResourceLoader\ResourceManager.cpp">
      <Filter>Source\SferaCoreLoader\Private\ResourceLoader</Filter>
    </ClCompile>
    <ClCompile Include="Source\SferaCoreLoader\Private\ResourceLoader\ResourceTypes.cpp">
      <Filter>Source\SferaCoreLoader\Private\ResourceLoader</Filter>
    </ClCompile>
    <ClCompile Include="Source\SferaCoreLoader\Private\WorldScene\SpatialIndex.cpp">
      <Filter>Source\SferaCoreLoader\Private\WorldScene</Filter>
    </ClCompile>
    <ClCompile Include="Source\SferaCoreLoader\Private\WorldScene\WorldScene.cpp">
      <Filter>Source\SferaCoreLoader\Private\WorldScene</Filter>
    </ClCompile>
    <ClCompile Include="Source\SferaCoreLoader\Private\WorldScene\ZoningManager.cpp">
      <Filter>Source\SferaCoreLoader\Private\WorldScene</Filter>
    </ClCompile>
  </ItemGroup>
</Project>