<?xml version='1.0' encoding='utf-8'?>
<Project xmlns="http://schemas.microsoft.com/developer/msbuild/2003" ToolsVersion="4.0">
  <ItemGroup>
    <Filter Include="Source">
      <UniqueIdentifier>{0A6A2C42-87CC-5CBC-8583-2952D1229975}</UniqueIdentifier>
    </Filter>
    <Filter Include="Source\SferaCoreLoader">
      <UniqueIdentifier>{1067972A-7834-5DC0-A500-673BB514A751}</UniqueIdentifier>
    </Filter>
    <Filter Include="Source\SferaCoreLoader\Private">
      <UniqueIdentifier>{510C66C0-DB2F-5877-9181-CD79D0F59999}</UniqueIdentifier>
    </Filter>
    <Filter Include="Source\SferaCoreLoader\Public">
      <UniqueIdentifier>{EBECDB3F-ECA9-5EBA-9D7D-10A550A30FC9}</UniqueIdentifier>
    </Filter>
    <Filter Include="Source\SferaCoreLoader\Private\Client">
      <UniqueIdentifier>{4A8F9813-D2D3-5A40-AB06-38E208E23463}</UniqueIdentifier>
    </Filter>
    <Filter Include="Source\SferaCoreLoader\Private\Compression">
      <UniqueIdentifier>{425AABDD-8864-55A8-BC93-FD75D86B6D17}</UniqueIdentifier>
    </Filter>
    <Filter Include="Source\SferaCoreLoader\Private\Config">
      <UniqueIdentifier>{487E1AF1-B936-5ABC-90CF-F42ED98B2EFB}</UniqueIdentifier>
    </Filter>
    <Filter Include="Source\SferaCoreLoader\Private\Core">
      <UniqueIdentifier>{12CB60EB-463E-5461-8F66-BFADCC0AEA63}</UniqueIdentifier>
    </Filter>
    <Filter Include="Source\SferaCoreLoader\Private\FileSystem">
      <UniqueIdentifier>{02FD1D30-5BAB-5477-9807-629774455DD8}</UniqueIdentifier>
    </Filter>
    <Filter Include="Source\SferaCoreLoader\Private\GameObjects">
      <UniqueIdentifier>{762FABF2-D62C-5B78-8B52-9D8E55964CA0}</UniqueIdentifier>
    </Filter>
    <Filter Include="Source\SferaCoreLoader\Private\MBC">
      <UniqueIdentifier>{5CA25012-C8D2-577A-8F19-ABF706526C00}</UniqueIdentifier>
    </Filter>
    <Filter Include="Source\SferaCoreLoader\Private\Model">
      <UniqueIdentifier>{7EB59AE2-905A-5950-86A4-4F11978CB3E1}</UniqueIdentifier>
    </Filter>
    <Filter Include="Source\SferaCoreLoader\Private\Network">
      <UniqueIdentifier>{442F97ED-6624-504C-9E7B-21887224B57A}</UniqueIdentifier>
    </Filter>
    <Filter Include="Source\SferaCoreLoader\Private\PE">
      <UniqueIdentifier>{D91026EA-FA70-5ED6-98B4-83FB5332F593}</UniqueIdentifier>
    </Filter>
    <Filter Include="Source\SferaCoreLoader\Private\Platform">
      <UniqueIdentifier>{884187FA-0F01-594B-8A8D-88FF84C53F8D}</UniqueIdentifier>
    </Filter>
    <Filter Include="Source\SferaCoreLoader\Private\Renderer">
      <UniqueIdentifier>{7210E244-3AF1-5570-848D-C46FDCA9E8A4}</UniqueIdentifier>
    </Filter>
    <Filter Include="Source\SferaCoreLoader\Private\ResourceLoader">
      <UniqueIdentifier>{3F68599E-B0F4-5956-BCA6-C2282647DD07}</UniqueIdentifier>
    </Filter>
    <Filter Include="Source\SferaCoreLoader\Private\UI">
      <UniqueIdentifier>{DACBA301-E71E-55B3-8158-17ABB7CE8943}</UniqueIdentifier>
    </Filter>
    <Filter Include="Source\SferaCoreLoader\Private\WorldScene">
      <UniqueIdentifier>{0FF00226-7D55-51C2-A832-DCE65224699B}</UniqueIdentifier>
    </Filter>
    <Filter Include="Source\SferaCoreLoader\Public\Client">
      <UniqueIdentifier>{D627D2BC-DC47-59B0-AD81-14A608F34EAD}</UniqueIdentifier>
    </Filter>
    <Filter Include="Source\SferaCoreLoader\Public\Common">
      <UniqueIdentifier>{460BCFF3-071E-5C86-A369-C85059AFA0D3}</UniqueIdentifier>
    </Filter>
    <Filter Include="Source\SferaCoreLoader\Public\Compression">
      <UniqueIdentifier>{AF4EE7A5-76EC-54CE-B2D4-5B135E85E621}</UniqueIdentifier>
    </Filter>
    <Filter Include="Source\SferaCoreLoader\Public\Config">
      <UniqueIdentifier>{799E81A5-7811-5865-86EE-B593D671C988}</UniqueIdentifier>
    </Filter>
    <Filter Include="Source\SferaCoreLoader\Public\Core">
      <UniqueIdentifier>{655AB578-9692-540F-B844-4C62E053370F}</UniqueIdentifier>
    </Filter>
    <Filter Include="Source\SferaCoreLoader\Public\FileSystem">
      <UniqueIdentifier>{3E714355-CA85-546C-8797-6042BC964226}</UniqueIdentifier>
    </Filter>
    <Filter Include="Source\SferaCoreLoader\Public\GameObjects">
      <UniqueIdentifier>{6FBCB035-2CB9-5A45-BDE4-EB1B3E8697A6}</UniqueIdentifier>
    </Filter>
    <Filter Include="Source\SferaCoreLoader\Public\MBC">
      <UniqueIdentifier>{FB825539-4121-50DB-A870-74DDC73B99CB}</UniqueIdentifier>
    </Filter>
    <Filter Include="Source\SferaCoreLoader\Public\Model">
      <UniqueIdentifier>{D9A95CE3-8DD1-5173-A7D7-D57811FCAC1F}</UniqueIdentifier>
    </Filter>
    <Filter Include="Source\SferaCoreLoader\Public\Network">
      <UniqueIdentifier>{7D4D9F44-F9E0-5B6C-AAD2-BF921FB43E8C}</UniqueIdentifier>
    </Filter>
    <Filter Include="Source\SferaCoreLoader\Public\PE">
      <UniqueIdentifier>{DBAFE2B3-9E94-51EE-B874-A423AC5E7D9C}</UniqueIdentifier>
    </Filter>
    <Filter Include="Source\SferaCoreLoader\Public\Platform">
      <UniqueIdentifier>{20B87053-C8E4-5F2A-AB28-7A405BD57F72}</UniqueIdentifier>
    </Filter>
    <Filter Include="Source\SferaCoreLoader\Public\Renderer">
      <UniqueIdentifier>{137B0FEA-B8A6-5046-9E18-3AB74C0BC3F3}</UniqueIdentifier>
    </Filter>
    <Filter Include="Source\SferaCoreLoader\Public\ResourceLoader">
      <UniqueIdentifier>{A1D266C2-8ABA-561F-9960-E6B72D6E7194}</UniqueIdentifier>
    </Filter>
    <Filter Include="Source\SferaCoreLoader\Public\UI">
      <UniqueIdentifier>{112407C3-F208-586D-ABED-3BCA95FFFF33}</UniqueIdentifier>
    </Filter>
    <Filter Include="Source\SferaCoreLoader\Public\WorldScene">
      <UniqueIdentifier>{2D54EE1F-9820-5B7C-996C-0F164DB7149E}</UniqueIdentifier>
    </Filter>
    <Filter Include="Source\SferaCoreLoader\Private\Renderer\GameWorld">
      <UniqueIdentifier>{8F02D003-F5AF-5BF6-AE1E-FE705DE60C93}</UniqueIdentifier>
    </Filter>
    <Filter Include="Source\SferaCoreLoader\Public\Renderer\GameWorld">
      <UniqueIdentifier>{274EDECD-9E99-5B09-998C-98EA1A294F39}</UniqueIdentifier>
    </Filter>
  </ItemGroup>
  <ItemGroup>
    <ClCompile Include="Source\SferaCoreLoader\Private\Client\ClientFrontendRuntime.cpp">
      <Filter>Source\SferaCoreLoader\Private\Client</Filter>
    </ClCompile>
    <ClCompile Include="Source\SferaCoreLoader\Private\Client\ClientSettings.cpp">
      <Filter>Source\SferaCoreLoader\Private\Client</Filter>
    </ClCompile>
    <ClCompile Include="Source\SferaCoreLoader\Private\Compression\CompressionService.cpp">
      <Filter>Source\SferaCoreLoader\Private\Compression</Filter>
    </ClCompile>
    <ClCompile Include="Source\SferaCoreLoader\Private\Compression\LzssCodec.cpp">
      <Filter>Source\SferaCoreLoader\Private\Compression</Filter>
    </ClCompile>
    <ClCompile Include="Source\SferaCoreLoader\Private\Compression\SphrCodec.cpp">
      <Filter>Source\SferaCoreLoader\Private\Compression</Filter>
    </ClCompile>
    <ClCompile Include="Source\SferaCoreLoader\Private\Compression\ZlibInflate.cpp">
      <Filter>Source\SferaCoreLoader\Private\Compression</Filter>
    </ClCompile>
    <ClCompile Include="Source\SferaCoreLoader\Private\Config\ConfigDocument.cpp">
      <Filter>Source\SferaCoreLoader\Private\Config</Filter>
    </ClCompile>
    <ClCompile Include="Source\SferaCoreLoader\Private\Config\ConfigService.cpp">
      <Filter>Source\SferaCoreLoader\Private\Config</Filter>
    </ClCompile>
    <ClCompile Include="Source\SferaCoreLoader\Private\Core\Application.cpp">
      <Filter>Source\SferaCoreLoader\Private\Core</Filter>
    </ClCompile>
    <ClCompile Include="Source\SferaCoreLoader\Private\Core\Logger.cpp">
      <Filter>Source\SferaCoreLoader\Private\Core</Filter>
    </ClCompile>
    <ClCompile Include="Source\SferaCoreLoader\Private\Core\Main.cpp">
      <Filter>Source\SferaCoreLoader\Private\Core</Filter>
    </ClCompile>
    <ClCompile Include="Source\SferaCoreLoader\Private\FileSystem\FileSystem.cpp">
      <Filter>Source\SferaCoreLoader\Private\FileSystem</Filter>
    </ClCompile>
    <ClCompile Include="Source\SferaCoreLoader\Private\FileSystem\NativeFile.cpp">
      <Filter>Source\SferaCoreLoader\Private\FileSystem</Filter>
    </ClCompile>
    <ClCompile Include="Source\SferaCoreLoader\Private\FileSystem\PathUtils.cpp">
      <Filter>Source\SferaCoreLoader\Private\FileSystem</Filter>
    </ClCompile>
    <ClCompile Include="Source\SferaCoreLoader\Private\GameObjects\GameObjectRegistry.cpp">
      <Filter>Source\SferaCoreLoader\Private\GameObjects</Filter>
    </ClCompile>
    <ClCompile Include="Source\SferaCoreLoader\Private\GameObjects\GameObjectService.cpp">
      <Filter>Source\SferaCoreLoader\Private\GameObjects</Filter>
    </ClCompile>
    <ClCompile Include="Source\SferaCoreLoader\Private\GameObjects\GameObjectTypes.cpp">
      <Filter>Source\SferaCoreLoader\Private\GameObjects</Filter>
    </ClCompile>
    <ClCompile Include="Source\SferaCoreLoader\Private\GameObjects\ObjectParamManager.cpp">
      <Filter>Source\SferaCoreLoader\Private\GameObjects</Filter>
    </ClCompile>
    <ClCompile Include="Source\SferaCoreLoader\Private\MBC\MbcDisassembler.cpp">
      <Filter>Source\SferaCoreLoader\Private\MBC</Filter>
    </ClCompile>
    <ClCompile Include="Source\SferaCoreLoader\Private\MBC\MbcEngineBridge.cpp">
      <Filter>Source\SferaCoreLoader\Private\MBC</Filter>
    </ClCompile>
    <ClCompile Include="Source\SferaCoreLoader\Private\MBC\MbcLinker.cpp">
      <Filter>Source\SferaCoreLoader\Private\MBC</Filter>
    </ClCompile>
    <ClCompile Include="Source\SferaCoreLoader\Private\MBC\MbcModule.cpp">
      <Filter>Source\SferaCoreLoader\Private\MBC</Filter>
    </ClCompile>
    <ClCompile Include="Source\SferaCoreLoader\Private\MBC\MbcNativeRegistry.cpp">
      <Filter>Source\SferaCoreLoader\Private\MBC</Filter>
    </ClCompile>
    <ClCompile Include="Source\SferaCoreLoader\Private\MBC\MbcOpcode.cpp">
      <Filter>Source\SferaCoreLoader\Private\MBC</Filter>
    </ClCompile>
    <ClCompile Include="Source\SferaCoreLoader\Private\MBC\MbcProject.cpp">
      <Filter>Source\SferaCoreLoader\Private\MBC</Filter>
    </ClCompile>
    <ClCompile Include="Source\SferaCoreLoader\Private\MBC\MbcTypes.cpp">
      <Filter>Source\SferaCoreLoader\Private\MBC</Filter>
    </ClCompile>
    <ClCompile Include="Source\SferaCoreLoader\Private\MBC\MbcVirtualMachine.cpp">
      <Filter>Source\SferaCoreLoader\Private\MBC</Filter>
    </ClCompile>
    <ClCompile Include="Source\SferaCoreLoader\Private\Model\ChrModel.cpp">
      <Filter>Source\SferaCoreLoader\Private\Model</Filter>
    </ClCompile>
    <ClCompile Include="Source\SferaCoreLoader\Private\Model\MdlModel.cpp">
      <Filter>Source\SferaCoreLoader\Private\Model</Filter>
    </ClCompile>
    <ClCompile Include="Source\SferaCoreLoader\Private\Model\ModelRepository.cpp">
      <Filter>Source\SferaCoreLoader\Private\Model</Filter>
    </ClCompile>
    <ClCompile Include="Source\SferaCoreLoader\Private\Model\SklSkeleton.cpp">
      <Filter>Source\SferaCoreLoader\Private\Model</Filter>
    </ClCompile>
    <ClCompile Include="Source\SferaCoreLoader\Private\Network\ClientProtocol.cpp">
      <Filter>Source\SferaCoreLoader\Private\Network</Filter>
    </ClCompile>
    <ClCompile Include="Source\SferaCoreLoader\Private\Network\ClientSession.cpp">
      <Filter>Source\SferaCoreLoader\Private\Network</Filter>
    </ClCompile>
    <ClCompile Include="Source\SferaCoreLoader\Private\Network\ConnectManager.cpp">
      <Filter>Source\SferaCoreLoader\Private\Network</Filter>
    </ClCompile>
    <ClCompile Include="Source\SferaCoreLoader\Private\Network\LoginClient.cpp">
      <Filter>Source\SferaCoreLoader\Private\Network</Filter>
    </ClCompile>
    <ClCompile Include="Source\SferaCoreLoader\Private\Network\PacketBuffer.cpp">
      <Filter>Source\SferaCoreLoader\Private\Network</Filter>
    </ClCompile>
    <ClCompile Include="Source\SferaCoreLoader\Private\Network\SphereEmuProtocol.cpp">
      <Filter>Source\SferaCoreLoader\Private\Network</Filter>
    </ClCompile>
    <ClCompile Include="Source\SferaCoreLoader\Private\Network\TcpSocket.cpp">
      <Filter>Source\SferaCoreLoader\Private\Network</Filter>
    </ClCompile>
    <ClCompile Include="Source\SferaCoreLoader\Private\PE\PeImports.cpp">
      <Filter>Source\SferaCoreLoader\Private\PE</Filter>
    </ClCompile>
    <ClCompile Include="Source\SferaCoreLoader\Private\Platform\Win64Window.cpp">
      <Filter>Source\SferaCoreLoader\Private\Platform</Filter>
    </ClCompile>
    <ClCompile Include="Source\SferaCoreLoader\Private\Renderer\D3D9BitmapFont.cpp">
      <Filter>Source\SferaCoreLoader\Private\Renderer</Filter>
    </ClCompile>
    <ClCompile Include="Source\SferaCoreLoader\Private\Renderer\D3D9CharacterScene.cpp">
      <Filter>Source\SferaCoreLoader\Private\Renderer</Filter>
    </ClCompile>
    <ClCompile Include="Source\SferaCoreLoader\Private\Renderer\D3D9GameWorldScene.cpp">
      <Filter>Source\SferaCoreLoader\Private\Renderer</Filter>
    </ClCompile>
    <ClCompile Include="Source\SferaCoreLoader\Private\Renderer\D3D9RenderDevice.cpp">
      <Filter>Source\SferaCoreLoader\Private\Renderer</Filter>
    </ClCompile>
    <ClCompile Include="Source\SferaCoreLoader\Private\Renderer\DdsImage.cpp">
      <Filter>Source\SferaCoreLoader\Private\Renderer</Filter>
    </ClCompile>
    <ClCompile Include="Source\SferaCoreLoader\Private\Renderer\GameWorld\GameWorldLifecycle.cpp">
      <Filter>Source\SferaCoreLoader\Private\Renderer\GameWorld</Filter>
    </ClCompile>
    <ClCompile Include="Source\SferaCoreLoader\Private\Renderer\GameWorld\GameWorldMovement.cpp">
      <Filter>Source\SferaCoreLoader\Private\Renderer\GameWorld</Filter>
    </ClCompile>
    <ClCompile Include="Source\SferaCoreLoader\Private\Renderer\GameWorld\GameWorldObjects.cpp">
      <Filter>Source\SferaCoreLoader\Private\Renderer\GameWorld</Filter>
    </ClCompile>
    <ClCompile Include="Source\SferaCoreLoader\Private\Renderer\GameWorld\GameWorldPlayer.cpp">
      <Filter>Source\SferaCoreLoader\Private\Renderer\GameWorld</Filter>
    </ClCompile>
    <ClCompile Include="Source\SferaCoreLoader\Private\Renderer\GameWorld\GameWorldRender.cpp">
      <Filter>Source\SferaCoreLoader\Private\Renderer\GameWorld</Filter>
    </ClCompile>
    <ClCompile Include="Source\SferaCoreLoader\Private\Renderer\GameWorld\GameWorldSkinning.cpp">
      <Filter>Source\SferaCoreLoader\Private\Renderer\GameWorld</Filter>
    </ClCompile>
    <ClCompile Include="Source\SferaCoreLoader\Private\Renderer\GameWorld\GameWorldTerrain.cpp">
      <Filter>Source\SferaCoreLoader\Private\Renderer\GameWorld</Filter>
    </ClCompile>
    <ClCompile Include="Source\SferaCoreLoader\Private\ResourceLoader\AssetCatalog.cpp">
      <Filter>Source\SferaCoreLoader\Private\ResourceLoader</Filter>
    </ClCompile>
    <ClCompile Include="Source\SferaCoreLoader\Private\ResourceLoader\ResourceManager.cpp">
      <Filter>Source\SferaCoreLoader\Private\ResourceLoader</Filter>
    </ClCompile>
    <ClCompile Include="Source\SferaCoreLoader\Private\ResourceLoader\ResourceTypes.cpp">
      <Filter>Source\SferaCoreLoader\Private\ResourceLoader</Filter>
    </ClCompile>
    <ClCompile Include="Source\SferaCoreLoader\Private\UI\UiDocumentParser.cpp">
      <Filter>Source\SferaCoreLoader\Private\UI</Filter>
    </ClCompile>
    <ClCompile Include="Source\SferaCoreLoader\Private\UI\UiRuntime.cpp">
      <Filter>Source\SferaCoreLoader\Private\UI</Filter>
    </ClCompile>
    <ClCompile Include="Source\SferaCoreLoader\Private\UI\UiRuntimeCharacter.cpp">
      <Filter>Source\SferaCoreLoader\Private\UI</Filter>
    </ClCompile>
    <ClCompile Include="Source\SferaCoreLoader\Private\UI\UiRuntimeInput.cpp">
      <Filter>Source\SferaCoreLoader\Private\UI</Filter>
    </ClCompile>
    <ClCompile Include="Source\SferaCoreLoader\Private\WorldScene\SpatialIndex.cpp">
      <Filter>Source\SferaCoreLoader\Private\WorldScene</Filter>
    </ClCompile>
    <ClCompile Include="Source\SferaCoreLoader\Private\WorldScene\WorldScene.cpp">
      <Filter>Source\SferaCoreLoader\Private\WorldScene</Filter>
    </ClCompile>
    <ClCompile Include="Source\SferaCoreLoader\Private\WorldScene\ZoningManager.cpp">
      <Filter>Source\SferaCoreLoader\Private\WorldScene</Filter>
    </ClCompile>
  </ItemGroup>
  <ItemGroup>
    <ClInclude Include="Source\SferaCoreLoader\Public\Client\ClientFrontendRuntime.h">
      <Filter>Source\SferaCoreLoader\Public\Client</Filter>
    </ClInclude>
    <ClInclude Include="Source\SferaCoreLoader\Public\Client\ClientSettings.h">
      <Filter>Source\SferaCoreLoader\Public\Client</Filter>
    </ClInclude>
    <ClInclude Include="Source\SferaCoreLoader\Public\Common\BinaryData.h">
      <Filter>Source\SferaCoreLoader\Public\Common</Filter>
    </ClInclude>
    <ClInclude Include="Source\SferaCoreLoader\Public\Common\SferaGameConstants.h">
      <Filter>Source\SferaCoreLoader\Public\Common</Filter>
    </ClInclude>
    <ClInclude Include="Source\SferaCoreLoader\Public\Common\StringUtils.h">
      <Filter>Source\SferaCoreLoader\Public\Common</Filter>
    </ClInclude>
    <ClInclude Include="Source\SferaCoreLoader\Public\Common\TextEncoding.h">
      <Filter>Source\SferaCoreLoader\Public\Common</Filter>
    </ClInclude>
    <ClInclude Include="Source\SferaCoreLoader\Public\Common\ValueUtils.h">
      <Filter>Source\SferaCoreLoader\Public\Common</Filter>
    </ClInclude>
    <ClInclude Include="Source\SferaCoreLoader\Public\Compression\CompressionService.h">
      <Filter>Source\SferaCoreLoader\Public\Compression</Filter>
    </ClInclude>
    <ClInclude Include="Source\SferaCoreLoader\Public\Compression\LzssCodec.h">
      <Filter>Source\SferaCoreLoader\Public\Compression</Filter>
    </ClInclude>
    <ClInclude Include="Source\SferaCoreLoader\Public\Compression\SphrCodec.h">
      <Filter>Source\SferaCoreLoader\Public\Compression</Filter>
    </ClInclude>
    <ClInclude Include="Source\SferaCoreLoader\Public\Compression\ZlibInflate.h">
      <Filter>Source\SferaCoreLoader\Public\Compression</Filter>
    </ClInclude>
    <ClInclude Include="Source\SferaCoreLoader\Public\Config\ConfigDocument.h">
      <Filter>Source\SferaCoreLoader\Public\Config</Filter>
    </ClInclude>
    <ClInclude Include="Source\SferaCoreLoader\Public\Config\ConfigService.h">
      <Filter>Source\SferaCoreLoader\Public\Config</Filter>
    </ClInclude>
    <ClInclude Include="Source\SferaCoreLoader\Public\Core\Application.h">
      <Filter>Source\SferaCoreLoader\Public\Core</Filter>
    </ClInclude>
    <ClInclude Include="Source\SferaCoreLoader\Public\Core\BinaryReader.h">
      <Filter>Source\SferaCoreLoader\Public\Core</Filter>
    </ClInclude>
    <ClInclude Include="Source\SferaCoreLoader\Public\Core\Logger.h">
      <Filter>Source\SferaCoreLoader\Public\Core</Filter>
    </ClInclude>
    <ClInclude Include="Source\SferaCoreLoader\Public\Core\NumericParse.h">
      <Filter>Source\SferaCoreLoader\Public\Core</Filter>
    </ClInclude>
    <ClInclude Include="Source\SferaCoreLoader\Public\Core\StatusUtils.h">
      <Filter>Source\SferaCoreLoader\Public\Core</Filter>
    </ClInclude>
    <ClInclude Include="Source\SferaCoreLoader\Public\Core\Types.h">
      <Filter>Source\SferaCoreLoader\Public\Core</Filter>
    </ClInclude>
    <ClInclude Include="Source\SferaCoreLoader\Public\FileSystem\FileSystem.h">
      <Filter>Source\SferaCoreLoader\Public\FileSystem</Filter>
    </ClInclude>
    <ClInclude Include="Source\SferaCoreLoader\Public\FileSystem\NativeFile.h">
      <Filter>Source\SferaCoreLoader\Public\FileSystem</Filter>
    </ClInclude>
    <ClInclude Include="Source\SferaCoreLoader\Public\FileSystem\PathUtils.h">
      <Filter>Source\SferaCoreLoader\Public\FileSystem</Filter>
    </ClInclude>
    <ClInclude Include="Source\SferaCoreLoader\Public\GameObjects\GameObjectRegistry.h">
      <Filter>Source\SferaCoreLoader\Public\GameObjects</Filter>
    </ClInclude>
    <ClInclude Include="Source\SferaCoreLoader\Public\GameObjects\GameObjectService.h">
      <Filter>Source\SferaCoreLoader\Public\GameObjects</Filter>
    </ClInclude>
    <ClInclude Include="Source\SferaCoreLoader\Public\GameObjects\GameObjectTypes.h">
      <Filter>Source\SferaCoreLoader\Public\GameObjects</Filter>
    </ClInclude>
    <ClInclude Include="Source\SferaCoreLoader\Public\GameObjects\ObjectParamManager.h">
      <Filter>Source\SferaCoreLoader\Public\GameObjects</Filter>
    </ClInclude>
    <ClInclude Include="Source\SferaCoreLoader\Public\MBC\MbcDisassembler.h">
      <Filter>Source\SferaCoreLoader\Public\MBC</Filter>
    </ClInclude>
    <ClInclude Include="Source\SferaCoreLoader\Public\MBC\MbcEngineBridge.h">
      <Filter>Source\SferaCoreLoader\Public\MBC</Filter>
    </ClInclude>
    <ClInclude Include="Source\SferaCoreLoader\Public\MBC\MbcLinker.h">
      <Filter>Source\SferaCoreLoader\Public\MBC</Filter>
    </ClInclude>
    <ClInclude Include="Source\SferaCoreLoader\Public\MBC\MbcModule.h">
      <Filter>Source\SferaCoreLoader\Public\MBC</Filter>
    </ClInclude>
    <ClInclude Include="Source\SferaCoreLoader\Public\MBC\MbcNativeRegistry.h">
      <Filter>Source\SferaCoreLoader\Public\MBC</Filter>
    </ClInclude>
    <ClInclude Include="Source\SferaCoreLoader\Public\MBC\MbcOpcode.h">
      <Filter>Source\SferaCoreLoader\Public\MBC</Filter>
    </ClInclude>
    <ClInclude Include="Source\SferaCoreLoader\Public\MBC\MbcProject.h">
      <Filter>Source\SferaCoreLoader\Public\MBC</Filter>
    </ClInclude>
    <ClInclude Include="Source\SferaCoreLoader\Public\MBC\MbcTypes.h">
      <Filter>Source\SferaCoreLoader\Public\MBC</Filter>
    </ClInclude>
    <ClInclude Include="Source\SferaCoreLoader\Public\MBC\MbcVirtualMachine.h">
      <Filter>Source\SferaCoreLoader\Public\MBC</Filter>
    </ClInclude>
    <ClInclude Include="Source\SferaCoreLoader\Public\Model\ChrModel.h">
      <Filter>Source\SferaCoreLoader\Public\Model</Filter>
    </ClInclude>
    <ClInclude Include="Source\SferaCoreLoader\Public\Model\MdlModel.h">
      <Filter>Source\SferaCoreLoader\Public\Model</Filter>
    </ClInclude>
    <ClInclude Include="Source\SferaCoreLoader\Public\Model\ModelParseUtils.h">
      <Filter>Source\SferaCoreLoader\Public\Model</Filter>
    </ClInclude>
    <ClInclude Include="Source\SferaCoreLoader\Public\Model\ModelRepository.h">
      <Filter>Source\SferaCoreLoader\Public\Model</Filter>
    </ClInclude>
    <ClInclude Include="Source\SferaCoreLoader\Public\Model\SklSkeleton.h">
      <Filter>Source\SferaCoreLoader\Public\Model</Filter>
    </ClInclude>
    <ClInclude Include="Source\SferaCoreLoader\Public\Network\ClientProtocol.h">
      <Filter>Source\SferaCoreLoader\Public\Network</Filter>
    </ClInclude>
    <ClInclude Include="Source\SferaCoreLoader\Public\Network\ClientSession.h">
      <Filter>Source\SferaCoreLoader\Public\Network</Filter>
    </ClInclude>
    <ClInclude Include="Source\SferaCoreLoader\Public\Network\ConnectManager.h">
      <Filter>Source\SferaCoreLoader\Public\Network</Filter>
    </ClInclude>
    <ClInclude Include="Source\SferaCoreLoader\Public\Network\LoginClient.h">
      <Filter>Source\SferaCoreLoader\Public\Network</Filter>
    </ClInclude>
    <ClInclude Include="Source\SferaCoreLoader\Public\Network\NetworkTypes.h">
      <Filter>Source\SferaCoreLoader\Public\Network</Filter>
    </ClInclude>
    <ClInclude Include="Source\SferaCoreLoader\Public\Network\PacketBuffer.h">
      <Filter>Source\SferaCoreLoader\Public\Network</Filter>
    </ClInclude>
    <ClInclude Include="Source\SferaCoreLoader\Public\Network\SphereEmuProtocol.h">
      <Filter>Source\SferaCoreLoader\Public\Network</Filter>
    </ClInclude>
    <ClInclude Include="Source\SferaCoreLoader\Public\Network\TcpSocket.h">
      <Filter>Source\SferaCoreLoader\Public\Network</Filter>
    </ClInclude>
    <ClInclude Include="Source\SferaCoreLoader\Public\PE\PeImports.h">
      <Filter>Source\SferaCoreLoader\Public\PE</Filter>
    </ClInclude>
    <ClInclude Include="Source\SferaCoreLoader\Public\Platform\Win64Window.h">
      <Filter>Source\SferaCoreLoader\Public\Platform</Filter>
    </ClInclude>
    <ClInclude Include="Source\SferaCoreLoader\Public\Renderer\CharacterSceneTypes.h">
      <Filter>Source\SferaCoreLoader\Public\Renderer</Filter>
    </ClInclude>
    <ClInclude Include="Source\SferaCoreLoader\Public\Renderer\D3D9BitmapFont.h">
      <Filter>Source\SferaCoreLoader\Public\Renderer</Filter>
    </ClInclude>
    <ClInclude Include="Source\SferaCoreLoader\Public\Renderer\D3D9CharacterScene.h">
      <Filter>Source\SferaCoreLoader\Public\Renderer</Filter>
    </ClInclude>
    <ClInclude Include="Source\SferaCoreLoader\Public\Renderer\D3D9GameWorldScene.h">
      <Filter>Source\SferaCoreLoader\Public\Renderer</Filter>
    </ClInclude>
    <ClInclude Include="Source\SferaCoreLoader\Public\Renderer\D3D9RenderDevice.h">
      <Filter>Source\SferaCoreLoader\Public\Renderer</Filter>
    </ClInclude>
    <ClInclude Include="Source\SferaCoreLoader\Public\Renderer\D3D9Utils.h">
      <Filter>Source\SferaCoreLoader\Public\Renderer</Filter>
    </ClInclude>
    <ClInclude Include="Source\SferaCoreLoader\Public\Renderer\DdsImage.h">
      <Filter>Source\SferaCoreLoader\Public\Renderer</Filter>
    </ClInclude>
    <ClInclude Include="Source\SferaCoreLoader\Public\Renderer\GameWorld\D3D9GameWorldSceneImpl.h">
      <Filter>Source\SferaCoreLoader\Public\Renderer\GameWorld</Filter>
    </ClInclude>
    <ClInclude Include="Source\SferaCoreLoader\Public\Renderer\GameWorld\GameWorldConfig.h">
      <Filter>Source\SferaCoreLoader\Public\Renderer\GameWorld</Filter>
    </ClInclude>
    <ClInclude Include="Source\SferaCoreLoader\Public\Renderer\GameWorld\GameWorldSupport.h">
      <Filter>Source\SferaCoreLoader\Public\Renderer\GameWorld</Filter>
    </ClInclude>
    <ClInclude Include="Source\SferaCoreLoader\Public\Renderer\GameWorld\GameWorldTypes.h">
      <Filter>Source\SferaCoreLoader\Public\Renderer\GameWorld</Filter>
    </ClInclude>
    <ClInclude Include="Source\SferaCoreLoader\Public\Renderer\GameWorld\SkinnedCharacterModel.h">
      <Filter>Source\SferaCoreLoader\Public\Renderer\GameWorld</Filter>
    </ClInclude>
    <ClInclude Include="Source\SferaCoreLoader\Public\ResourceLoader\AssetCatalog.h">
      <Filter>Source\SferaCoreLoader\Public\ResourceLoader</Filter>
    </ClInclude>
    <ClInclude Include="Source\SferaCoreLoader\Public\ResourceLoader\ResourceLoadHelpers.h">
      <Filter>Source\SferaCoreLoader\Public\ResourceLoader</Filter>
    </ClInclude>
    <ClInclude Include="Source\SferaCoreLoader\Public\ResourceLoader\ResourceManager.h">
      <Filter>Source\SferaCoreLoader\Public\ResourceLoader</Filter>
    </ClInclude>
    <ClInclude Include="Source\SferaCoreLoader\Public\ResourceLoader\ResourceTypes.h">
      <Filter>Source\SferaCoreLoader\Public\ResourceLoader</Filter>
    </ClInclude>
    <ClInclude Include="Source\SferaCoreLoader\Public\UI\UiConstants.h">
      <Filter>Source\SferaCoreLoader\Public\UI</Filter>
    </ClInclude>
    <ClInclude Include="Source\SferaCoreLoader\Public\UI\UiRuntime.h">
      <Filter>Source\SferaCoreLoader\Public\UI</Filter>
    </ClInclude>
    <ClInclude Include="Source\SferaCoreLoader\Public\UI\UiRuntimeInternals.h">
      <Filter>Source\SferaCoreLoader\Public\UI</Filter>
    </ClInclude>
    <ClInclude Include="Source\SferaCoreLoader\Public\WorldScene\SpatialIndex.h">
      <Filter>Source\SferaCoreLoader\Public\WorldScene</Filter>
    </ClInclude>
    <ClInclude Include="Source\SferaCoreLoader\Public\WorldScene\WorldScene.h">
      <Filter>Source\SferaCoreLoader\Public\WorldScene</Filter>
    </ClInclude>
    <ClInclude Include="Source\SferaCoreLoader\Public\WorldScene\WorldTypes.h">
      <Filter>Source\SferaCoreLoader\Public\WorldScene</Filter>
    </ClInclude>
    <ClInclude Include="Source\SferaCoreLoader\Public\WorldScene\ZoningManager.h">
      <Filter>Source\SferaCoreLoader\Public\WorldScene</Filter>
    </ClInclude>
  </ItemGroup>
</Project>