<?xml version='1.0' encoding='utf-8'?>
<Project xmlns="http://schemas.microsoft.com/developer/msbuild/2003" ToolsVersion="4.0">
  <ItemGroup>
    <Filter Include="Private">
      <UniqueIdentifier>{5D9DB34D-8726-4215-BE75-5100F628F119}</UniqueIdentifier>
    </Filter>
    <Filter Include="Public">
      <UniqueIdentifier>{D61AC7ED-BE21-480C-AAA8-A45A8BBD6804}</UniqueIdentifier>
    </Filter>
    <Filter Include="Substrate">
      <UniqueIdentifier>{88B4BDA4-0ADF-4A79-AEEB-2713502F9F84}</UniqueIdentifier>
    </Filter>
  </ItemGroup>
  <ItemGroup>
    <ClInclude Include="public\SphereApplication.h">
      <Filter>Public</Filter>
    </ClInclude>
    <ClInclude Include="public\SphereClientRuntimeC.h">
      <Filter>Public</Filter>
    </ClInclude>
    <ClInclude Include="public\Win32SystemServices.h">
      <Filter>Public</Filter>
    </ClInclude>
  </ItemGroup>
  <ItemGroup />
  <ItemGroup>
    <ClCompile Include="private\ConsoleEntry.cpp">
      <Filter>Private</Filter>
    </ClCompile>
    <ClCompile Include="private\SphereApplication.cpp">
      <Filter>Private</Filter>
    </ClCompile>
    <ClCompile Include="private\Win32SystemServices.cpp">
      <Filter>Private</Filter>
    </ClCompile>
    <ClCompile Include="private\WinMainEntry.cpp">
      <Filter>Private</Filter>
    </ClCompile>
    <ClCompile Include="substrate\sfera_link_stubs_phase2.cpp">
      <Filter>Substrate</Filter>
    </ClCompile>
    <ClCompile Include="substrate\sound_flat_wrappers.cpp">
      <Filter>Substrate</Filter>
    </ClCompile>
    <ClCompile Include="substrate\sphereclient_4.exe.c">
      <Filter>Substrate</Filter>
    </ClCompile>
  </ItemGroup>
</Project>